
Microsoft Visual Studio Solution File, Format Version 12.00
# Visual Studio Version 17
VisualStudioVersion = 17.14.37628.2 d17.14
MinimumVisualStudioVersion = 10.0.40219.1
Project("{FAE04EC0-301F-11D3-BF4B-00C04F79EFBC}") = "assigment 3", "assigment 3\assigment 3.csproj", "{4E80E1A7-A589-4FD4-B345-D19E8351275B}"
EndProject
Global
	GlobalSection(SolutionConfigurationPlatforms) = preSolution
		Debug|Any CPU = Debug|Any CPU
		Release|Any CPU = Release|Any CPU
	EndGlobalSection
	GlobalSection(ProjectConfigurationPlatforms) = postSolution
		{4E80E1A7-A589-4FD4-B345-D19E8351275B}.Debug|Any CPU.ActiveCfg = Debug|Any CPU
		{4E80E1A7-A589-4FD4-B345-D19E8351275B}.Debug|Any CPU.Build.0 = Debug|Any CPU
		{4E80E1A7-A589-4FD4-B345-D19E8351275B}.Release|Any CPU.ActiveCfg = Release|Any CPU
		{4E80E1A7-A589-4FD4-B345-D19E8351275B}.Release|Any CPU.Build.0 = Release|Any CPU
	EndGlobalSection
	GlobalSection(SolutionProperties) = preSolution
		HideSolutionNode = FALSE
	EndGlobalSection
	GlobalSection(ExtensibilityGlobals) = postSolution
		SolutionGuid = {0966EF65-CA2B-4720-92ED-420F127CC3A3}
	EndGlobalSection
EndGlobal
